
Microsoft Visual Studio Solution File, Format Version 11.00
# Visual Studio 2010
Project("{8BC9CEB8-8B4A-11D0-8D11-00A0C91BC942}") = "single_lists", "single_lists\single_lists.vcxproj", "{78AFCAA7-D104-47B5-A4B3-D87206E33DE2}"
EndProject
Global
	GlobalSection(SolutionConfigurationPlatforms) = preSolution
		Debug|Win32 = Debug|Win32
		Release|Win32 = Release|Win32
	EndGlobalSection
	GlobalSection(ProjectConfigurationPlatforms) = postSolution
		{78AFCAA7-D104-47B5-A4B3-D87206E33DE2}.Debug|Win32.ActiveCfg = Debug|Win32
		{78AFCAA7-D104-47B5-A4B3-D87206E33DE2}.Debug|Win32.Build.0 = Debug|Win32
		{78AFCAA7-D104-47B5-A4B3-D87206E33DE2}.Release|Win32.ActiveCfg = Release|Win32
		{78AFCAA7-D104-47B5-A4B3-D87206E33DE2}.Release|Win32.Build.0 = Release|Win32
	EndGlobalSection
	GlobalSection(SolutionProperties) = preSolution
		HideSolutionNode = FALSE
	EndGlobalSection
EndGlobal
