
Microsoft Visual Studio Solution File, Format Version 11.00
# Visual Studio 2010
Project("{8BC9CEB8-8B4A-11D0-8D11-00A0C91BC942}") = "complex_nr_operations", "complex_nr_operations\complex_nr_operations.vcxproj", "{57E2BCA0-9F0F-44C4-AD08-EA1832FDFA11}"
EndProject
Global
	GlobalSection(SolutionConfigurationPlatforms) = preSolution
		Debug|Win32 = Debug|Win32
		Release|Win32 = Release|Win32
	EndGlobalSection
	GlobalSection(ProjectConfigurationPlatforms) = postSolution
		{57E2BCA0-9F0F-44C4-AD08-EA1832FDFA11}.Debug|Win32.ActiveCfg = Debug|Win32
		{57E2BCA0-9F0F-44C4-AD08-EA1832FDFA11}.Debug|Win32.Build.0 = Debug|Win32
		{57E2BCA0-9F0F-44C4-AD08-EA1832FDFA11}.Release|Win32.ActiveCfg = Release|Win32
		{57E2BCA0-9F0F-44C4-AD08-EA1832FDFA11}.Release|Win32.Build.0 = Release|Win32
	EndGlobalSection
	GlobalSection(SolutionProperties) = preSolution
		HideSolutionNode = FALSE
	EndGlobalSection
EndGlobal
