
Microsoft Visual Studio Solution File, Format Version 12.00
# Visual Studio 15
VisualStudioVersion = 15.0.27130.2027
MinimumVisualStudioVersion = 10.0.40219.1
Project("{8BC9CEB8-8B4A-11D0-8D11-00A0C91BC942}") = "DataStructures", "DataStructures.vcxproj", "{26F4C048-331B-4220-AD82-8806F3E1719C}"
EndProject
Global
	GlobalSection(SolutionConfigurationPlatforms) = preSolution
		Debug|x86 = Debug|x86
		Release|x86 = Release|x86
		Template|x86 = Template|x86
	EndGlobalSection
	GlobalSection(ProjectConfigurationPlatforms) = postSolution
		{26F4C048-331B-4220-AD82-8806F3E1719C}.Debug|x86.ActiveCfg = Debug|Win32
		{26F4C048-331B-4220-AD82-8806F3E1719C}.Debug|x86.Build.0 = Debug|Win32
		{26F4C048-331B-4220-AD82-8806F3E1719C}.Release|x86.ActiveCfg = Release|Win32
		{26F4C048-331B-4220-AD82-8806F3E1719C}.Release|x86.Build.0 = Release|Win32
		{26F4C048-331B-4220-AD82-8806F3E1719C}.Template|x86.ActiveCfg = Template|Win32
		{26F4C048-331B-4220-AD82-8806F3E1719C}.Template|x86.Build.0 = Template|Win32
	EndGlobalSection
	GlobalSection(SolutionProperties) = preSolution
		HideSolutionNode = FALSE
	EndGlobalSection
	GlobalSection(ExtensibilityGlobals) = postSolution
		SolutionGuid = {9DAA3EEA-82A6-4AA4-AFC9-39037DCDD798}
	EndGlobalSection
EndGlobal
